// !$*UTF8*$!
{
	archiveVersion = 1;
	classes = {
	};
	objectVersion = 50;
	objects = {

/* Begin PBXBuildFile section */
		45155AA82082F6AF008D7C4D /* AppDelegate.swift in Sources */ = {isa = PBXBuildFile; fileRef = 45155AA72082F6AF008D7C4D /* AppDelegate.swift */; };
		45155AAA2082F6AF008D7C4D /* ViewController.swift in Sources */ = {isa = PBXBuildFile; fileRef = 45155AA92082F6AF008D7C4D /* ViewController.swift */; };
		45155AAD2082F6AF008D7C4D /* Main.storyboard in Resources */ = {isa = PBXBuildFile; fileRef = 45155AAB2082F6AF008D7C4D /* Main.storyboard */; };
		45155AAF2082F6B0008D7C4D /* Assets.xcassets in Resources */ = {isa = PBXBuildFile; fileRef = 45155AAE2082F6B0008D7C4D /* Assets.xcassets */; };
		45155AB22082F6B0008D7C4D /* LaunchScreen.storyboard in Resources */ = {isa = PBXBuildFile; fileRef = 45155AB02082F6B0008D7C4D /* LaunchScreen.storyboard */; };
		45155ABA20838A00008D7C4D /* ColorViewModel.swift in Sources */ = {isa = PBXBuildFile; fileRef = 45155AB920838A00008D7C4D /* ColorViewModel.swift */; };
		45155ABC20838A59008D7C4D /* ColorManager.swift in Sources */ = {isa = PBXBuildFile; fileRef = 45155ABB20838A59008D7C4D /* ColorManager.swift */; };
/* End PBXBuildFile section */

/* Begin PBXFileReference section */
		45155AA42082F6AF008D7C4D /* Homework5_PR.app */ = {isa = PBXFileReference; explicitFileType = wrapper.application; includeInIndex = 0; path = Homework5_PR.app; sourceTree = BUILT_PRODUCTS_DIR; };
		45155AA72082F6AF008D7C4D /* AppDelegate.swift */ = {isa = PBXFileReference; lastKnownFileType = sourcecode.swift; path = AppDelegate.swift; sourceTree = "<group>"; };
		45155AA92082F6AF008D7C4D /* ViewController.swift */ = {isa = PBXFileReference; lastKnownFileType = sourcecode.swift; path = ViewController.swift; sourceTree = "<group>"; };
		45155AAC2082F6AF008D7C4D /* Base */ = {isa = PBXFileReference; lastKnownFileType = file.storyboard; name = Base; path = Base.lproj/Main.storyboard; sourceTree = "<group>"; };
		45155AAE2082F6B0008D7C4D /* Assets.xcassets */ = {isa = PBXFileReference; lastKnownFileType = folder.assetcatalog; path = Assets.xcassets; sourceTree = "<group>"; };
		45155AB12082F6B0008D7C4D /* Base */ = {isa = PBXFileReference; lastKnownFileType = file.storyboard; name = Base; path = Base.lproj/LaunchScreen.storyboard; sourceTree = "<group>"; };
		45155AB32082F6B0008D7C4D /* Info.plist */ = {isa = PBXFileReference; lastKnownFileType = text.plist.xml; path = Info.plist; sourceTree = "<group>"; };
		45155AB920838A00008D7C4D /* ColorViewModel.swift */ = {isa = PBXFileReference; lastKnownFileType = sourcecode.swift; path = ColorViewModel.swift; sourceTree = "<group>"; };
		45155ABB20838A59008D7C4D /* ColorManager.swift */ = {isa = PBXFileReference; lastKnownFileType = sourcecode.swift; path = ColorManager.swift; sourceTree = "<group>"; };
/* End PBXFileReference section */

/* Begin PBXFrameworksBuildPhase section */
		45155AA12082F6AF008D7C4D /* Frameworks */ = {
			isa = PBXFrameworksBuildPhase;
			buildActionMask = 2147483647;
			files = (
			);
			runOnlyForDeploymentPostprocessing = 0;
		};
/* End PBXFrameworksBuildPhase section */

/* Begin PBXGroup section */
		45155A9B2082F6AF008D7C4D = {
			isa = PBXGroup;
			children = (
				45155AA62082F6AF008D7C4D /* Homework5_PR */,
				45155AA52082F6AF008D7C4D /* Products */,
			);
			sourceTree = "<group>";
		};
		45155AA52082F6AF008D7C4D /* Products */ = {
			isa = PBXGroup;
			children = (
				45155AA42082F6AF008D7C4D /* Homework5_PR.app */,
			);
			name = Products;
			sourceTree = "<group>";
		};
		45155AA62082F6AF008D7C4D /* Homework5_PR */ = {
			isa = PBXGroup;
			children = (
				45155AA72082F6AF008D7C4D /* AppDelegate.swift */,
				45155AA92082F6AF008D7C4D /* ViewController.swift */,
				45155AAB2082F6AF008D7C4D /* Main.storyboard */,
				45155AAE2082F6B0008D7C4D /* Assets.xcassets */,
				45155AB02082F6B0008D7C4D /* LaunchScreen.storyboard */,
				45155AB32082F6B0008D7C4D /* Info.plist */,
				45155AB920838A00008D7C4D /* ColorViewModel.swift */,
				45155ABB20838A59008D7C4D /* ColorManager.swift */,
			);
			path = Homework5_PR;
			sourceTree = "<group>";
		};
/* End PBXGroup section */

/* Begin PBXNativeTarget section */
		45155AA32082F6AF008D7C4D /* Homework5_PR */ = {
			isa = PBXNativeTarget;
			buildConfigurationList = 45155AB62082F6B0008D7C4D /* Build configuration list for PBXNativeTarget "Homework5_PR" */;
			buildPhases = (
				45155AA02082F6AF008D7C4D /* Sources */,
				45155AA12082F6AF008D7C4D /* Frameworks */,
				45155AA22082F6AF008D7C4D /* Resources */,
			);
			buildRules = (
			);
			dependencies = (
			);
			name = Homework5_PR;
			productName = Homework5_PR;
			productReference = 45155AA42082F6AF008D7C4D /* Homework5_PR.app */;
			productType = "com.apple.product-type.application";
		};
/* End PBXNativeTarget section */

/* Begin PBXProject section */
		45155A9C2082F6AF008D7C4D /* Project object */ = {
			isa = PBXProject;
			attributes = {
				LastSwiftUpdateCheck = 0930;
				LastUpgradeCheck = 0930;
				ORGANIZATIONNAME = "Pedro Rivera";
				TargetAttributes = {
					45155AA32082F6AF008D7C4D = {
						CreatedOnToolsVersion = 9.3;
					};
				};
			};
			buildConfigurationList = 45155A9F2082F6AF008D7C4D /* Build configuration list for PBXProject "Homework5_PR" */;
			compatibilityVersion = "Xcode 9.3";
			developmentRegion = en;
			hasScannedForEncodings = 0;
			knownRegions = (
				en,
				Base,
			);
			mainGroup = 45155A9B2082F6AF008D7C4D;
			productRefGroup = 45155AA52082F6AF008D7C4D /* Products */;
			projectDirPath = "";
			projectRoot = "";
			targets = (
				45155AA32082F6AF008D7C4D /* Homework5_PR */,
			);
		};
/* End PBXProject section */

/* Begin PBXResourcesBuildPhase section */
		45155AA22082F6AF008D7C4D /* Resources */ = {
			isa = PBXResourcesBuildPhase;
			buildActionMask = 2147483647;
			files = (
				45155AB22082F6B0008D7C4D /* LaunchScreen.storyboard in Resources */,
				45155AAF2082F6B0008D7C4D /* Assets.xcassets in Resources */,
				45155AAD2082F6AF008D7C4D /* Main.storyboard in Resources */,
			);
			runOnlyForDeploymentPostprocessing = 0;
		};
/* End PBXResourcesBuildPhase section */

/* Begin PBXSourcesBuildPhase section */
		45155AA02082F6AF008D7C4D /* Sources */ = {
			isa = PBXSourcesBuildPhase;
			buildActionMask = 2147483647;
			files = (
				45155AAA2082F6AF008D7C4D /* ViewController.swift in Sources */,
				45155AA82082F6AF008D7C4D /* AppDelegate.swift in Sources */,
				45155ABA20838A00008D7C4D /* ColorViewModel.swift in Sources */,
				45155ABC20838A59008D7C4D /* ColorManager.swift in Sources */,
			);
			runOnlyForDeploymentPostprocessing = 0;
		};
/* End PBXSourcesBuildPhase section */

/* Begin PBXVariantGroup section */
		45155AAB2082F6AF008D7C4D /* Main.storyboard */ = {
			isa = PBXVariantGroup;
			children = (
				45155AAC2082F6AF008D7C4D /* Base */,
			);
			name = Main.storyboard;
			sourceTree = "<group>";
		};
		45155AB02082F6B0008D7C4D /* LaunchScreen.storyboard */ = {
			isa = PBXVariantGroup;
			children = (
				45155AB12082F6B0008D7C4D /* Base */,
			);
			name = LaunchScreen.storyboard;
			sourceTree = "<group>";
		};
/* End PBXVariantGroup section */

/* Begin XCBuildConfiguration section */
		45155AB42082F6B0008D7C4D /* Debug */ = {
			isa = XCBuildConfiguration;
			buildSettings = {
				ALWAYS_SEARCH_USER_PATHS = NO;
				CLANG_ANALYZER_NONNULL = YES;
				CLANG_ANALYZER_NUMBER_OBJECT_CONVERSION = YES_AGGRESSIVE;
				CLANG_CXX_LANGUAGE_STANDARD = "gnu++14";
				CLANG_CXX_LIBRARY = "libc++";
				CLANG_ENABLE_MODULES = YES;
				CLANG_ENABLE_OBJC_ARC = YES;
				CLANG_ENABLE_OBJC_WEAK = YES;
				CLANG_WARN_BLOCK_CAPTURE_AUTORELEASING = YES;
				CLANG_WARN_BOOL_CONVERSION = YES;
				CLANG_WARN_COMMA = YES;
				CLANG_WARN_CONSTANT_CONVERSION = YES;
				CLANG_WARN_DEPRECATED_OBJC_IMPLEMENTATIONS = YES;
				CLANG_WARN_DIRECT_OBJC_ISA_USAGE = YES_ERROR;
				CLANG_WARN_DOCUMENTATION_COMMENTS = YES;
				CLANG_WARN_EMPTY_BODY = YES;
				CLANG_WARN_ENUM_CONVERSION = YES;
				CLANG_WARN_INFINITE_RECURSION = YES;
				CLANG_WARN_INT_CONVERSION = YES;
				CLANG_WARN_NON_LITERAL_NULL_CONVERSION = YES;
				CLANG_WARN_OBJC_IMPLICIT_RETAIN_SELF = YES;
				CLANG_WARN_OBJC_LITERAL_CONVERSION = YES;
				CLANG_WARN_OBJC_ROOT_CLASS = YES_ERROR;
				CLANG_WARN_RANGE_LOOP_ANALYSIS = YES;
				CLANG_WARN_STRICT_PROTOTYPES = YES;
				CLANG_WARN_SUSPICIOUS_MOVE = YES;
				CLANG_WARN_UNGUARDED_AVAILABILITY = YES_AGGRESSIVE;
				CLANG_WARN_UNREACHABLE_CODE = YES;
				CLANG_WARN__DUPLICATE_METHOD_MATCH = YES;
				CODE_SIGN_IDENTITY = "iPhone Developer";
				COPY_PHASE_STRIP = NO;
				DEBUG_INFORMATION_FORMAT = dwarf;
				ENABLE_STRICT_OBJC_MSGSEND = YES;
				ENABLE_TESTABILITY = YES;
				GCC_C_LANGUAGE_STANDARD = gnu11;
				GCC_DYNAMIC_NO_PIC = NO;
				GCC_NO_COMMON_BLOCKS = YES;
				GCC_OPTIMIZATION_LEVEL = 0;
				GCC_PREPROCESSOR_DEFINITIONS = (
					"DEBUG=1",
					"$(inherited)",
				);
				GCC_WARN_64_TO_32_BIT_CONVERSION = YES;
				GCC_WARN_ABOUT_RETURN_TYPE = YES_ERROR;
				GCC_WARN_UNDECLARED_SELECTOR = YES;
				GCC_WARN_UNINITIALIZED_AUTOS = YES_AGGRESSIVE;
				GCC_WARN_UNUSED_FUNCTION = YES;
				GCC_WARN_UNUSED_VARIABLE = YES;
				IPHONEOS_DEPLOYMENT_TARGET = 11.3;
				MTL_ENABLE_DEBUG_INFO = YES;
				ONLY_ACTIVE_ARCH = YES;
				SDKROOT = iphoneos;
				SWIFT_ACTIVE_COMPILATION_CONDITIONS = DEBUG;
				SWIFT_OPTIMIZATION_LEVEL = "-Onone";
			};
			name = Debug;
		};
		45155AB52082F6B0008D7C4D /* Release */ = {
			isa = XCBuildConfiguration;
			buildSettings = {
				ALWAYS_SEARCH_USER_PATHS = NO;
				CLANG_ANALYZER_NONNULL = YES;
				CLANG_ANALYZER_NUMBER_OBJECT_CONVERSION = YES_AGGRESSIVE;
				CLANG_CXX_LANGUAGE_STANDARD = "gnu++14";
				CLANG_CXX_LIBRARY = "libc++";
				CLANG_ENABLE_MODULES = YES;
				CLANG_ENABLE_OBJC_ARC = YES;
				CLANG_ENABLE_OBJC_WEAK = YES;
				CLANG_WARN_BLOCK_CAPTURE_AUTORELEASING = YES;
				CLANG_WARN_BOOL_CONVERSION = YES;
				CLANG_WARN_COMMA = YES;
				CLANG_WARN_CONSTANT_CONVERSION = YES;
				CLANG_WARN_DEPRECATED_OBJC_IMPLEMENTATIONS = YES;
				CLANG_WARN_DIRECT_OBJC_ISA_USAGE = YES_ERROR;
				CLANG_WARN_DOCUMENTATION_COMMENTS = YES;
				CLANG_WARN_EMPTY_BODY = YES;
				CLANG_WARN_ENUM_CONVERSION = YES;
				CLANG_WARN_INFINITE_RECURSION = YES;
				CLANG_WARN_INT_CONVERSION = YES;
				CLANG_WARN_NON_LITERAL_NULL_CONVERSION = YES;
				CLANG_WARN_OBJC_IMPLICIT_RETAIN_SELF = YES;
				CLANG_WARN_OBJC_LITERAL_CONVERSION = YES;
				CLANG_WARN_OBJC_ROOT_CLASS = YES_ERROR;
				CLANG_WARN_RANGE_LOOP_ANALYSIS = YES;
				CLANG_WARN_STRICT_PROTOTYPES = YES;
				CLANG_WARN_SUSPICIOUS_MOVE = YES;
				CLANG_WARN_UNGUARDED_AVAILABILITY = YES_AGGRESSIVE;
				CLANG_WARN_UNREACHABLE_CODE = YES;
				CLANG_WARN__DUPLICATE_METHOD_MATCH = YES;
				CODE_SIGN_IDENTITY = "iPhone Developer";
				COPY_PHASE_STRIP = NO;
				DEBUG_INFORMATION_FORMAT = "dwarf-with-dsym";
				ENABLE_NS_ASSERTIONS = NO;
				ENABLE_STRICT_OBJC_MSGSEND = YES;
				GCC_C_LANGUAGE_STANDARD = gnu11;
				GCC_NO_COMMON_BLOCKS = YES;
				GCC_WARN_64_TO_32_BIT_CONVERSION = YES;
				GCC_WARN_ABOUT_RETURN_TYPE = YES_ERROR;
				GCC_WARN_UNDECLARED_SELECTOR = YES;
				GCC_WARN_UNINITIALIZED_AUTOS = YES_AGGRESSIVE;
				GCC_WARN_UNUSED_FUNCTION = YES;
				GCC_WARN_UNUSED_VARIABLE = YES;
				IPHONEOS_DEPLOYMENT_TARGET = 11.3;
				MTL_ENABLE_DEBUG_INFO = NO;
				SDKROOT = iphoneos;
				SWIFT_COMPILATION_MODE = wholemodule;
				SWIFT_OPTIMIZATION_LEVEL = "-O";
				VALIDATE_PRODUCT = YES;
			};
			name = Release;
		};
		45155AB72082F6B0008D7C4D /* Debug */ = {
			isa = XCBuildConfiguration;
			buildSettings = {
				ASSETCATALOG_COMPILER_APPICON_NAME = AppIcon;
				CODE_SIGN_STYLE = Automatic;
				DEVELOPMENT_TEAM = R2VMW7DS7Z;
				INFOPLIST_FILE = Homework5_PR/Info.plist;
				LD_RUNPATH_SEARCH_PATHS = (
					"$(inherited)",
					"@executable_path/Frameworks",
				);
				PRODUCT_BUNDLE_IDENTIFIER = "training.Homework5-PR";
				PRODUCT_NAME = "$(TARGET_NAME)";
				SWIFT_VERSION = 4.0;
				TARGETED_DEVICE_FAMILY = "1,2";
			};
			name = Debug;
		};
		45155AB82082F6B0008D7C4D /* Release */ = {
			isa = XCBuildConfiguration;
			buildSettings = {
				ASSETCATALOG_COMPILER_APPICON_NAME = AppIcon;
				CODE_SIGN_STYLE = Automatic;
				DEVELOPMENT_TEAM = R2VMW7DS7Z;
				INFOPLIST_FILE = Homework5_PR/Info.plist;
				LD_RUNPATH_SEARCH_PATHS = (
					"$(inherited)",
					"@executable_path/Frameworks",
				);
				PRODUCT_BUNDLE_IDENTIFIER = "training.Homework5-PR";
				PRODUCT_NAME = "$(TARGET_NAME)";
				SWIFT_VERSION = 4.0;
				TARGETED_DEVICE_FAMILY = "1,2";
			};
			name = Release;
		};
/* End XCBuildConfiguration section */

/* Begin XCConfigurationList section */
		45155A9F2082F6AF008D7C4D /* Build configuration list for PBXProject "Homework5_PR" */ = {
			isa = XCConfigurationList;
			buildConfigurations = (
				45155AB42082F6B0008D7C4D /* Debug */,
				45155AB52082F6B0008D7C4D /* Release */,
			);
			defaultConfigurationIsVisible = 0;
			defaultConfigurationName = Release;
		};
		45155AB62082F6B0008D7C4D /* Build configuration list for PBXNativeTarget "Homework5_PR" */ = {
			isa = XCConfigurationList;
			buildConfigurations = (
				45155AB72082F6B0008D7C4D /* Debug */,
				45155AB82082F6B0008D7C4D /* Release */,
			);
			defaultConfigurationIsVisible = 0;
			defaultConfigurationName = Release;
		};
/* End XCConfigurationList section */
	};
	rootObject = 45155A9C2082F6AF008D7C4D /* Project object */;
}
